
Microsoft Visual Studio Solution File, Format Version 12.00
# Visual Studio Version 16
VisualStudioVersion = 16.0.33214.272
MinimumVisualStudioVersion = 10.0.40219.1
Project("{FAE04EC0-301F-11D3-BF4B-00C04F79EFBC}") = "Ingreso de Datos", "Ingreso de Datos\Ingreso de Datos.csproj", "{61663F69-FF74-4A67-A847-0A847BDC584B}"
EndProject
Global
	GlobalSection(SolutionConfigurationPlatforms) = preSolution
		Debug|Any CPU = Debug|Any CPU
		Release|Any CPU = Release|Any CPU
	EndGlobalSection
	GlobalSection(ProjectConfigurationPlatforms) = postSolution
		{61663F69-FF74-4A67-A847-0A847BDC584B}.Debug|Any CPU.ActiveCfg = Debug|Any CPU
		{61663F69-FF74-4A67-A847-0A847BDC584B}.Debug|Any CPU.Build.0 = Debug|Any CPU
		{61663F69-FF74-4A67-A847-0A847BDC584B}.Release|Any CPU.ActiveCfg = Release|Any CPU
		{61663F69-FF74-4A67-A847-0A847BDC584B}.Release|Any CPU.Build.0 = Release|Any CPU
	EndGlobalSection
	GlobalSection(SolutionProperties) = preSolution
		HideSolutionNode = FALSE
	EndGlobalSection
	GlobalSection(ExtensibilityGlobals) = postSolution
		SolutionGuid = {48BF8C71-8C6A-4B7D-839E-F127633EE644}
	EndGlobalSection
EndGlobal
